// !$*UTF8*$!
{
	archiveVersion = 1;
	classes = {
	};
	objectVersion = 50;
	objects = {

/* Begin PBXBuildFile section */
		B65169B223C8E0B50089455C /* AppDelegate.swift in Sources */ = {isa = PBXBuildFile; fileRef = B65169B123C8E0B50089455C /* AppDelegate.swift */; };
		B65169B423C8E0B50089455C /* SceneDelegate.swift in Sources */ = {isa = PBXBuildFile; fileRef = B65169B323C8E0B50089455C /* SceneDelegate.swift */; };
		B65169B623C8E0B50089455C /* ViewController.swift in Sources */ = {isa = PBXBuildFile; fileRef = B65169B523C8E0B50089455C /* ViewController.swift */; };
		B65169B923C8E0B50089455C /* Main.storyboard in Resources */ = {isa = PBXBuildFile; fileRef = B65169B723C8E0B50089455C /* Main.storyboard */; };
		B65169BB23C8E0B70089455C /* Assets.xcassets in Resources */ = {isa = PBXBuildFile; fileRef = B65169BA23C8E0B70089455C /* Assets.xcassets */; };
		B65169BE23C8E0B70089455C /* LaunchScreen.storyboard in Resources */ = {isa = PBXBuildFile; fileRef = B65169BC23C8E0B70089455C /* LaunchScreen.storyboard */; };
		B65169C623C925B40089455C /* MainTableCell.swift in Sources */ = {isa = PBXBuildFile; fileRef = B65169C523C925B40089455C /* MainTableCell.swift */; };
/* End PBXBuildFile section */

/* Begin PBXFileReference section */
		B65169AE23C8E0B50089455C /* Fetch Rewards Coding Challenge.app */ = {isa = PBXFileReference; explicitFileType = wrapper.application; includeInIndex = 0; path = "Fetch Rewards Coding Challenge.app"; sourceTree = BUILT_PRODUCTS_DIR; };
		B65169B123C8E0B50089455C /* AppDelegate.swift */ = {isa = PBXFileReference; lastKnownFileType = sourcecode.swift; path = AppDelegate.swift; sourceTree = "<group>"; };
		B65169B323C8E0B50089455C /* SceneDelegate.swift */ = {isa = PBXFileReference; lastKnownFileType = sourcecode.swift; path = SceneDelegate.swift; sourceTree = "<group>"; };
		B65169B523C8E0B50089455C /* ViewController.swift */ = {isa = PBXFileReference; lastKnownFileType = sourcecode.swift; path = ViewController.swift; sourceTree = "<group>"; };
		B65169B823C8E0B50089455C /* Base */ = {isa = PBXFileReference; lastKnownFileType = file.storyboard; name = Base; path = Base.lproj/Main.storyboard; sourceTree = "<group>"; };
		B65169BA23C8E0B70089455C /* Assets.xcassets */ = {isa = PBXFileReference; lastKnownFileType = folder.assetcatalog; path = Assets.xcassets; sourceTree = "<group>"; };
		B65169BD23C8E0B70089455C /* Base */ = {isa = PBXFileReference; lastKnownFileType = file.storyboard; name = Base; path = Base.lproj/LaunchScreen.storyboard; sourceTree = "<group>"; };
		B65169BF23C8E0B70089455C /* Info.plist */ = {isa = PBXFileReference; lastKnownFileType = text.plist.xml; path = Info.plist; sourceTree = "<group>"; };
		B65169C523C925B40089455C /* MainTableCell.swift */ = {isa = PBXFileReference; lastKnownFileType = sourcecode.swift; path = MainTableCell.swift; sourceTree = "<group>"; };
/* End PBXFileReference section */

/* Begin PBXFrameworksBuildPhase section */
		B65169AB23C8E0B50089455C /* Frameworks */ = {
			isa = PBXFrameworksBuildPhase;
			buildActionMask = 2147483647;
			files = (
			);
			runOnlyForDeploymentPostprocessing = 0;
		};
/* End PBXFrameworksBuildPhase section */

/* Begin PBXGroup section */
		B65169A523C8E0B50089455C = {
			isa = PBXGroup;
			children = (
				B65169B023C8E0B50089455C /* Fetch Rewards Coding Challenge */,
				B65169AF23C8E0B50089455C /* Products */,
			);
			sourceTree = "<group>";
		};
		B65169AF23C8E0B50089455C /* Products */ = {
			isa = PBXGroup;
			children = (
				B65169AE23C8E0B50089455C /* Fetch Rewards Coding Challenge.app */,
			);
			name = Products;
			sourceTree = "<group>";
		};
		B65169B023C8E0B50089455C /* Fetch Rewards Coding Challenge */ = {
			isa = PBXGroup;
			children = (
				B65169B123C8E0B50089455C /* AppDelegate.swift */,
				B65169B323C8E0B50089455C /* SceneDelegate.swift */,
				B65169B523C8E0B50089455C /* ViewController.swift */,
				B65169B723C8E0B50089455C /* Main.storyboard */,
				B65169C523C925B40089455C /* MainTableCell.swift */,
				B65169BA23C8E0B70089455C /* Assets.xcassets */,
				B65169BC23C8E0B70089455C /* LaunchScreen.storyboard */,
				B65169BF23C8E0B70089455C /* Info.plist */,
			);
			path = "Fetch Rewards Coding Challenge";
			sourceTree = "<group>";
		};
/* End PBXGroup section */

/* Begin PBXNativeTarget section */
		B65169AD23C8E0B50089455C /* Fetch Rewards Coding Challenge */ = {
			isa = PBXNativeTarget;
			buildConfigurationList = B65169C223C8E0B70089455C /* Build configuration list for PBXNativeTarget "Fetch Rewards Coding Challenge" */;
			buildPhases = (
				B65169AA23C8E0B50089455C /* Sources */,
				B65169AB23C8E0B50089455C /* Frameworks */,
				B65169AC23C8E0B50089455C /* Resources */,
			);
			buildRules = (
			);
			dependencies = (
			);
			name = "Fetch Rewards Coding Challenge";
			productName = "Fetch Rewards Coding Challenge";
			productReference = B65169AE23C8E0B50089455C /* Fetch Rewards Coding Challenge.app */;
			productType = "com.apple.product-type.application";
		};
/* End PBXNativeTarget section */

/* Begin PBXProject section */
		B65169A623C8E0B50089455C /* Project object */ = {
			isa = PBXProject;
			attributes = {
				LastSwiftUpdateCheck = 1130;
				LastUpgradeCheck = 1130;
				ORGANIZATIONNAME = "Jonathan Beebout";
				TargetAttributes = {
					B65169AD23C8E0B50089455C = {
						CreatedOnToolsVersion = 11.3;
					};
				};
			};
			buildConfigurationList = B65169A923C8E0B50089455C /* Build configuration list for PBXProject "Fetch Rewards Coding Challenge" */;
			compatibilityVersion = "Xcode 9.3";
			developmentRegion = en;
			hasScannedForEncodings = 0;
			knownRegions = (
				en,
				Base,
			);
			mainGroup = B65169A523C8E0B50089455C;
			productRefGroup = B65169AF23C8E0B50089455C /* Products */;
			projectDirPath = "";
			projectRoot = "";
			targets = (
				B65169AD23C8E0B50089455C /* Fetch Rewards Coding Challenge */,
			);
		};
/* End PBXProject section */

/* Begin PBXResourcesBuildPhase section */
		B65169AC23C8E0B50089455C /* Resources */ = {
			isa = PBXResourcesBuildPhase;
			buildActionMask = 2147483647;
			files = (
				B65169BE23C8E0B70089455C /* LaunchScreen.storyboard in Resources */,
				B65169BB23C8E0B70089455C /* Assets.xcassets in Resources */,
				B65169B923C8E0B50089455C /* Main.storyboard in Resources */,
			);
			runOnlyForDeploymentPostprocessing = 0;
		};
/* End PBXResourcesBuildPhase section */

/* Begin PBXSourcesBuildPhase section */
		B65169AA23C8E0B50089455C /* Sources */ = {
			isa = PBXSourcesBuildPhase;
			buildActionMask = 2147483647;
			files = (
				B65169B623C8E0B50089455C /* ViewController.swift in Sources */,
				B65169B223C8E0B50089455C /* AppDelegate.swift in Sources */,
				B65169B423C8E0B50089455C /* SceneDelegate.swift in Sources */,
				B65169C623C925B40089455C /* MainTableCell.swift in Sources */,
			);
			runOnlyForDeploymentPostprocessing = 0;
		};
/* End PBXSourcesBuildPhase section */

/* Begin PBXVariantGroup section */
		B65169B723C8E0B50089455C /* Main.storyboard */ = {
			isa = PBXVariantGroup;
			children = (
				B65169B823C8E0B50089455C /* Base */,
			);
			name = Main.storyboard;
			sourceTree = "<group>";
		};
		B65169BC23C8E0B70089455C /* LaunchScreen.storyboard */ = {
			isa = PBXVariantGroup;
			children = (
				B65169BD23C8E0B70089455C /* Base */,
			);
			name = LaunchScreen.storyboard;
			sourceTree = "<group>";
		};
/* End PBXVariantGroup section */

/* Begin XCBuildConfiguration section */
		B65169C023C8E0B70089455C /* Debug */ = {
			isa = XCBuildConfiguration;
			buildSettings = {
				ALWAYS_SEARCH_USER_PATHS = NO;
				CLANG_ANALYZER_NONNULL = YES;
				CLANG_ANALYZER_NUMBER_OBJECT_CONVERSION = YES_AGGRESSIVE;
				CLANG_CXX_LANGUAGE_STANDARD = "gnu++14";
				CLANG_CXX_LIBRARY = "libc++";
				CLANG_ENABLE_MODULES = YES;
				CLANG_ENABLE_OBJC_ARC = YES;
				CLANG_ENABLE_OBJC_WEAK = YES;
				CLANG_WARN_BLOCK_CAPTURE_AUTORELEASING = YES;
				CLANG_WARN_BOOL_CONVERSION = YES;
				CLANG_WARN_COMMA = YES;
				CLANG_WARN_CONSTANT_CONVERSION = YES;
				CLANG_WARN_DEPRECATED_OBJC_IMPLEMENTATIONS = YES;
				CLANG_WARN_DIRECT_OBJC_ISA_USAGE = YES_ERROR;
				CLANG_WARN_DOCUMENTATION_COMMENTS = YES;
				CLANG_WARN_EMPTY_BODY = YES;
				CLANG_WARN_ENUM_CONVERSION = YES;
				CLANG_WARN_INFINITE_RECURSION = YES;
				CLANG_WARN_INT_CONVERSION = YES;
				CLANG_WARN_NON_LITERAL_NULL_CONVERSION = YES;
				CLANG_WARN_OBJC_IMPLICIT_RETAIN_SELF = YES;
				CLANG_WARN_OBJC_LITERAL_CONVERSION = YES;
				CLANG_WARN_OBJC_ROOT_CLASS = YES_ERROR;
				CLANG_WARN_RANGE_LOOP_ANALYSIS = YES;
				CLANG_WARN_STRICT_PROTOTYPES = YES;
				CLANG_WARN_SUSPICIOUS_MOVE = YES;
				CLANG_WARN_UNGUARDED_AVAILABILITY = YES_AGGRESSIVE;
				CLANG_WARN_UNREACHABLE_CODE = YES;
				CLANG_WARN__DUPLICATE_METHOD_MATCH = YES;
				COPY_PHASE_STRIP = NO;
				DEBUG_INFORMATION_FORMAT = dwarf;
				ENABLE_STRICT_OBJC_MSGSEND = YES;
				ENABLE_TESTABILITY = YES;
				GCC_C_LANGUAGE_STANDARD = gnu11;
				GCC_DYNAMIC_NO_PIC = NO;
				GCC_NO_COMMON_BLOCKS = YES;
				GCC_OPTIMIZATION_LEVEL = 0;
				GCC_PREPROCESSOR_DEFINITIONS = (
					"DEBUG=1",
					"$(inherited)",
				);
				GCC_WARN_64_TO_32_BIT_CONVERSION = YES;
				GCC_WARN_ABOUT_RETURN_TYPE = YES_ERROR;
				GCC_WARN_UNDECLARED_SELECTOR = YES;
				GCC_WARN_UNINITIALIZED_AUTOS = YES_AGGRESSIVE;
				GCC_WARN_UNUSED_FUNCTION = YES;
				GCC_WARN_UNUSED_VARIABLE = YES;
				IPHONEOS_DEPLOYMENT_TARGET = 13.2;
				MTL_ENABLE_DEBUG_INFO = INCLUDE_SOURCE;
				MTL_FAST_MATH = YES;
				ONLY_ACTIVE_ARCH = YES;
				SDKROOT = iphoneos;
				SWIFT_ACTIVE_COMPILATION_CONDITIONS = DEBUG;
				SWIFT_OPTIMIZATION_LEVEL = "-Onone";
			};
			name = Debug;
		};
		B65169C123C8E0B70089455C /* Release */ = {
			isa = XCBuildConfiguration;
			buildSettings = {
				ALWAYS_SEARCH_USER_PATHS = NO;
				CLANG_ANALYZER_NONNULL = YES;
				CLANG_ANALYZER_NUMBER_OBJECT_CONVERSION = YES_AGGRESSIVE;
				CLANG_CXX_LANGUAGE_STANDARD = "gnu++14";
				CLANG_CXX_LIBRARY = "libc++";
				CLANG_ENABLE_MODULES = YES;
				CLANG_ENABLE_OBJC_ARC = YES;
				CLANG_ENABLE_OBJC_WEAK = YES;
				CLANG_WARN_BLOCK_CAPTURE_AUTORELEASING = YES;
				CLANG_WARN_BOOL_CONVERSION = YES;
				CLANG_WARN_COMMA = YES;
				CLANG_WARN_CONSTANT_CONVERSION = YES;
				CLANG_WARN_DEPRECATED_OBJC_IMPLEMENTATIONS = YES;
				CLANG_WARN_DIRECT_OBJC_ISA_USAGE = YES_ERROR;
				CLANG_WARN_DOCUMENTATION_COMMENTS = YES;
				CLANG_WARN_EMPTY_BODY = YES;
				CLANG_WARN_ENUM_CONVERSION = YES;
				CLANG_WARN_INFINITE_RECURSION = YES;
				CLANG_WARN_INT_CONVERSION = YES;
				CLANG_WARN_NON_LITERAL_NULL_CONVERSION = YES;
				CLANG_WARN_OBJC_IMPLICIT_RETAIN_SELF = YES;
				CLANG_WARN_OBJC_LITERAL_CONVERSION = YES;
				CLANG_WARN_OBJC_ROOT_CLASS = YES_ERROR;
				CLANG_WARN_RANGE_LOOP_ANALYSIS = YES;
				CLANG_WARN_STRICT_PROTOTYPES = YES;
				CLANG_WARN_SUSPICIOUS_MOVE = YES;
				CLANG_WARN_UNGUARDED_AVAILABILITY = YES_AGGRESSIVE;
				CLANG_WARN_UNREACHABLE_CODE = YES;
				CLANG_WARN__DUPLICATE_METHOD_MATCH = YES;
				COPY_PHASE_STRIP = NO;
				DEBUG_INFORMATION_FORMAT = "dwarf-with-dsym";
				ENABLE_NS_ASSERTIONS = NO;
				ENABLE_STRICT_OBJC_MSGSEND = YES;
				GCC_C_LANGUAGE_STANDARD = gnu11;
				GCC_NO_COMMON_BLOCKS = YES;
				GCC_WARN_64_TO_32_BIT_CONVERSION = YES;
				GCC_WARN_ABOUT_RETURN_TYPE = YES_ERROR;
				GCC_WARN_UNDECLARED_SELECTOR = YES;
				GCC_WARN_UNINITIALIZED_AUTOS = YES_AGGRESSIVE;
				GCC_WARN_UNUSED_FUNCTION = YES;
				GCC_WARN_UNUSED_VARIABLE = YES;
				IPHONEOS_DEPLOYMENT_TARGET = 13.2;
				MTL_ENABLE_DEBUG_INFO = NO;
				MTL_FAST_MATH = YES;
				SDKROOT = iphoneos;
				SWIFT_COMPILATION_MODE = wholemodule;
				SWIFT_OPTIMIZATION_LEVEL = "-O";
				VALIDATE_PRODUCT = YES;
			};
			name = Release;
		};
		B65169C323C8E0B70089455C /* Debug */ = {
			isa = XCBuildConfiguration;
			buildSettings = {
				ASSETCATALOG_COMPILER_APPICON_NAME = AppIcon;
				CODE_SIGN_STYLE = Automatic;
				DEVELOPMENT_TEAM = 36Z6HC4H8T;
				INFOPLIST_FILE = "Fetch Rewards Coding Challenge/Info.plist";
				LD_RUNPATH_SEARCH_PATHS = (
					"$(inherited)",
					"@executable_path/Frameworks",
				);
				PRODUCT_BUNDLE_IDENTIFIER = "Me.Fetch-Rewards-Coding-Challenge";
				PRODUCT_NAME = "$(TARGET_NAME)";
				SWIFT_VERSION = 5.0;
				TARGETED_DEVICE_FAMILY = "1,2";
			};
			name = Debug;
		};
		B65169C423C8E0B70089455C /* Release */ = {
			isa = XCBuildConfiguration;
			buildSettings = {
				ASSETCATALOG_COMPILER_APPICON_NAME = AppIcon;
				CODE_SIGN_STYLE = Automatic;
				DEVELOPMENT_TEAM = 36Z6HC4H8T;
				INFOPLIST_FILE = "Fetch Rewards Coding Challenge/Info.plist";
				LD_RUNPATH_SEARCH_PATHS = (
					"$(inherited)",
					"@executable_path/Frameworks",
				);
				PRODUCT_BUNDLE_IDENTIFIER = "Me.Fetch-Rewards-Coding-Challenge";
				PRODUCT_NAME = "$(TARGET_NAME)";
				SWIFT_VERSION = 5.0;
				TARGETED_DEVICE_FAMILY = "1,2";
			};
			name = Release;
		};
/* End XCBuildConfiguration section */

/* Begin XCConfigurationList section */
		B65169A923C8E0B50089455C /* Build configuration list for PBXProject "Fetch Rewards Coding Challenge" */ = {
			isa = XCConfigurationList;
			buildConfigurations = (
				B65169C023C8E0B70089455C /* Debug */,
				B65169C123C8E0B70089455C /* Release */,
			);
			defaultConfigurationIsVisible = 0;
			defaultConfigurationName = Release;
		};
		B65169C223C8E0B70089455C /* Build configuration list for PBXNativeTarget "Fetch Rewards Coding Challenge" */ = {
			isa = XCConfigurationList;
			buildConfigurations = (
				B65169C323C8E0B70089455C /* Debug */,
				B65169C423C8E0B70089455C /* Release */,
			);
			defaultConfigurationIsVisible = 0;
			defaultConfigurationName = Release;
		};
/* End XCConfigurationList section */
	};
	rootObject = B65169A623C8E0B50089455C /* Project object */;
}
